// !$*UTF8*$!
{
	archiveVersion = 1;
	classes = {
	};
	objectVersion = 56;
	objects = {

/* Begin PBXBuildFile section */
		C80DA5A729CB7081007F592C /* DetailPreviewViewController.swift in Sources */ = {isa = PBXBuildFile; fileRef = C80DA5A629CB7081007F592C /* DetailPreviewViewController.swift */; };
		C83D124D29B785DD00238B82 /* AppDelegate.swift in Sources */ = {isa = PBXBuildFile; fileRef = C83D124C29B785DD00238B82 /* AppDelegate.swift */; };
		C83D124F29B785DD00238B82 /* SceneDelegate.swift in Sources */ = {isa = PBXBuildFile; fileRef = C83D124E29B785DD00238B82 /* SceneDelegate.swift */; };
		C83D125629B785DF00238B82 /* Assets.xcassets in Resources */ = {isa = PBXBuildFile; fileRef = C83D125529B785DF00238B82 /* Assets.xcassets */; };
		C83D125929B785DF00238B82 /* LaunchScreen.storyboard in Resources */ = {isa = PBXBuildFile; fileRef = C83D125729B785DF00238B82 /* LaunchScreen.storyboard */; };
		C83D126729B7871B00238B82 /* TabBarViewController.swift in Sources */ = {isa = PBXBuildFile; fileRef = C83D126629B7871B00238B82 /* TabBarViewController.swift */; };
		C83D126929B78BDA00238B82 /* HomeViewController.swift in Sources */ = {isa = PBXBuildFile; fileRef = C83D126829B78BDA00238B82 /* HomeViewController.swift */; };
		C83D126B29B78BE900238B82 /* ShowsViewController.swift in Sources */ = {isa = PBXBuildFile; fileRef = C83D126A29B78BE900238B82 /* ShowsViewController.swift */; };
		C83D126F29B78C1200238B82 /* SearchViewController.swift in Sources */ = {isa = PBXBuildFile; fileRef = C83D126E29B78C1200238B82 /* SearchViewController.swift */; };
		C83D127129B78C2000238B82 /* DownloadViewController.swift in Sources */ = {isa = PBXBuildFile; fileRef = C83D127029B78C2000238B82 /* DownloadViewController.swift */; };
		C843CA9B29C9F58D00ABA7C9 /* Movie.swift in Sources */ = {isa = PBXBuildFile; fileRef = C843CA9A29C9F58D00ABA7C9 /* Movie.swift */; };
		C843CA9D29C9F79200ABA7C9 /* NetworkService.swift in Sources */ = {isa = PBXBuildFile; fileRef = C843CA9C29C9F79200ABA7C9 /* NetworkService.swift */; };
		C843CA9F29C9F79F00ABA7C9 /* Route.swift in Sources */ = {isa = PBXBuildFile; fileRef = C843CA9E29C9F79F00ABA7C9 /* Route.swift */; };
		C843CAA129C9FBAF00ABA7C9 /* APIError.swift in Sources */ = {isa = PBXBuildFile; fileRef = C843CAA029C9FBAF00ABA7C9 /* APIError.swift */; };
		C843CAA329CA057200ABA7C9 /* TrendingViewModel.swift in Sources */ = {isa = PBXBuildFile; fileRef = C843CAA229CA057200ABA7C9 /* TrendingViewModel.swift */; };
		C843CAA629CA08A000ABA7C9 /* SDWebImage in Frameworks */ = {isa = PBXBuildFile; productRef = C843CAA529CA08A000ABA7C9 /* SDWebImage */; };
		C843CAA829CA08A000ABA7C9 /* SDWebImageMapKit in Frameworks */ = {isa = PBXBuildFile; productRef = C843CAA729CA08A000ABA7C9 /* SDWebImageMapKit */; };
		C843CAAA29CA0DC800ABA7C9 /* TableSections.swift in Sources */ = {isa = PBXBuildFile; fileRef = C843CAA929CA0DC800ABA7C9 /* TableSections.swift */; };
		C843CAAC29CA1C8100ABA7C9 /* TrendingTv.swift in Sources */ = {isa = PBXBuildFile; fileRef = C843CAAB29CA1C8100ABA7C9 /* TrendingTv.swift */; };
		C843CAAE29CA7BF300ABA7C9 /* ShowsCollectionView.swift in Sources */ = {isa = PBXBuildFile; fileRef = C843CAAD29CA7BF300ABA7C9 /* ShowsCollectionView.swift */; };
		C8FC9D9729C3F34200B9DC6E /* HeaderHeroImageView.swift in Sources */ = {isa = PBXBuildFile; fileRef = C8FC9D9629C3F34200B9DC6E /* HeaderHeroImageView.swift */; };
		C8FC9D9A29C4C2AD00B9DC6E /* MovieCollectionView.swift in Sources */ = {isa = PBXBuildFile; fileRef = C8FC9D9929C4C2AD00B9DC6E /* MovieCollectionView.swift */; };
		C8FC9D9D29C4C56500B9DC6E /* Extensions.swift in Sources */ = {isa = PBXBuildFile; fileRef = C8FC9D9C29C4C56500B9DC6E /* Extensions.swift */; };
		C8FC9D9F29C4DE9500B9DC6E /* PosterCollectionViewCell.swift in Sources */ = {isa = PBXBuildFile; fileRef = C8FC9D9E29C4DE9500B9DC6E /* PosterCollectionViewCell.swift */; };
		C8FC9DA229C5169200B9DC6E /* PosterTableViewCell.swift in Sources */ = {isa = PBXBuildFile; fileRef = C8FC9DA129C5169200B9DC6E /* PosterTableViewCell.swift */; };
		C8FC9DA429C5311F00B9DC6E /* SearchResultViewController.swift in Sources */ = {isa = PBXBuildFile; fileRef = C8FC9DA329C5311F00B9DC6E /* SearchResultViewController.swift */; };
/* End PBXBuildFile section */

/* Begin PBXFileReference section */
		C80DA5A629CB7081007F592C /* DetailPreviewViewController.swift */ = {isa = PBXFileReference; lastKnownFileType = sourcecode.swift; path = DetailPreviewViewController.swift; sourceTree = "<group>"; };
		C83D124929B785DD00238B82 /* iTrailers.app */ = {isa = PBXFileReference; explicitFileType = wrapper.application; includeInIndex = 0; path = iTrailers.app; sourceTree = BUILT_PRODUCTS_DIR; };
		C83D124C29B785DD00238B82 /* AppDelegate.swift */ = {isa = PBXFileReference; lastKnownFileType = sourcecode.swift; path = AppDelegate.swift; sourceTree = "<group>"; };
		C83D124E29B785DD00238B82 /* SceneDelegate.swift */ = {isa = PBXFileReference; lastKnownFileType = sourcecode.swift; path = SceneDelegate.swift; sourceTree = "<group>"; };
		C83D125529B785DF00238B82 /* Assets.xcassets */ = {isa = PBXFileReference; lastKnownFileType = folder.assetcatalog; path = Assets.xcassets; sourceTree = "<group>"; };
		C83D125829B785DF00238B82 /* Base */ = {isa = PBXFileReference; lastKnownFileType = file.storyboard; name = Base; path = Base.lproj/LaunchScreen.storyboard; sourceTree = "<group>"; };
		C83D125A29B785DF00238B82 /* Info.plist */ = {isa = PBXFileReference; lastKnownFileType = text.plist.xml; path = Info.plist; sourceTree = "<group>"; };
		C83D126629B7871B00238B82 /* TabBarViewController.swift */ = {isa = PBXFileReference; lastKnownFileType = sourcecode.swift; path = TabBarViewController.swift; sourceTree = "<group>"; };
		C83D126829B78BDA00238B82 /* HomeViewController.swift */ = {isa = PBXFileReference; lastKnownFileType = sourcecode.swift; path = HomeViewController.swift; sourceTree = "<group>"; };
		C83D126A29B78BE900238B82 /* ShowsViewController.swift */ = {isa = PBXFileReference; lastKnownFileType = sourcecode.swift; path = ShowsViewController.swift; sourceTree = "<group>"; };
		C83D126E29B78C1200238B82 /* SearchViewController.swift */ = {isa = PBXFileReference; lastKnownFileType = sourcecode.swift; path = SearchViewController.swift; sourceTree = "<group>"; };
		C83D127029B78C2000238B82 /* DownloadViewController.swift */ = {isa = PBXFileReference; lastKnownFileType = sourcecode.swift; path = DownloadViewController.swift; sourceTree = "<group>"; };
		C843CA9A29C9F58D00ABA7C9 /* Movie.swift */ = {isa = PBXFileReference; lastKnownFileType = sourcecode.swift; path = Movie.swift; sourceTree = "<group>"; };
		C843CA9C29C9F79200ABA7C9 /* NetworkService.swift */ = {isa = PBXFileReference; lastKnownFileType = sourcecode.swift; path = NetworkService.swift; sourceTree = "<group>"; };
		C843CA9E29C9F79F00ABA7C9 /* Route.swift */ = {isa = PBXFileReference; lastKnownFileType = sourcecode.swift; path = Route.swift; sourceTree = "<group>"; };
		C843CAA029C9FBAF00ABA7C9 /* APIError.swift */ = {isa = PBXFileReference; lastKnownFileType = sourcecode.swift; path = APIError.swift; sourceTree = "<group>"; };
		C843CAA229CA057200ABA7C9 /* TrendingViewModel.swift */ = {isa = PBXFileReference; lastKnownFileType = sourcecode.swift; path = TrendingViewModel.swift; sourceTree = "<group>"; };
		C843CAA929CA0DC800ABA7C9 /* TableSections.swift */ = {isa = PBXFileReference; lastKnownFileType = sourcecode.swift; path = TableSections.swift; sourceTree = "<group>"; };
		C843CAAB29CA1C8100ABA7C9 /* TrendingTv.swift */ = {isa = PBXFileReference; lastKnownFileType = sourcecode.swift; path = TrendingTv.swift; sourceTree = "<group>"; };
		C843CAAD29CA7BF300ABA7C9 /* ShowsCollectionView.swift */ = {isa = PBXFileReference; lastKnownFileType = sourcecode.swift; path = ShowsCollectionView.swift; sourceTree = "<group>"; };
		C8FC9D9629C3F34200B9DC6E /* HeaderHeroImageView.swift */ = {isa = PBXFileReference; lastKnownFileType = sourcecode.swift; path = HeaderHeroImageView.swift; sourceTree = "<group>"; };
		C8FC9D9929C4C2AD00B9DC6E /* MovieCollectionView.swift */ = {isa = PBXFileReference; lastKnownFileType = sourcecode.swift; path = MovieCollectionView.swift; sourceTree = "<group>"; };
		C8FC9D9C29C4C56500B9DC6E /* Extensions.swift */ = {isa = PBXFileReference; lastKnownFileType = sourcecode.swift; path = Extensions.swift; sourceTree = "<group>"; };
		C8FC9D9E29C4DE9500B9DC6E /* PosterCollectionViewCell.swift */ = {isa = PBXFileReference; lastKnownFileType = sourcecode.swift; path = PosterCollectionViewCell.swift; sourceTree = "<group>"; };
		C8FC9DA129C5169200B9DC6E /* PosterTableViewCell.swift */ = {isa = PBXFileReference; lastKnownFileType = sourcecode.swift; path = PosterTableViewCell.swift; sourceTree = "<group>"; };
		C8FC9DA329C5311F00B9DC6E /* SearchResultViewController.swift */ = {isa = PBXFileReference; lastKnownFileType = sourcecode.swift; path = SearchResultViewController.swift; sourceTree = "<group>"; };
/* End PBXFileReference section */

/* Begin PBXFrameworksBuildPhase section */
		C83D124629B785DD00238B82 /* Frameworks */ = {
			isa = PBXFrameworksBuildPhase;
			buildActionMask = 2147483647;
			files = (
				C843CAA829CA08A000ABA7C9 /* SDWebImageMapKit in Frameworks */,
				C843CAA629CA08A000ABA7C9 /* SDWebImage in Frameworks */,
			);
			runOnlyForDeploymentPostprocessing = 0;
		};
/* End PBXFrameworksBuildPhase section */

/* Begin PBXGroup section */
		C80DA5A329CB4FDE007F592C /* CollectionViews */ = {
			isa = PBXGroup;
			children = (
				C8FC9D9929C4C2AD00B9DC6E /* MovieCollectionView.swift */,
				C843CAAD29CA7BF300ABA7C9 /* ShowsCollectionView.swift */,
			);
			path = CollectionViews;
			sourceTree = "<group>";
		};
		C80DA5A429CB4FF1007F592C /* CustomViews */ = {
			isa = PBXGroup;
			children = (
				C8FC9D9E29C4DE9500B9DC6E /* PosterCollectionViewCell.swift */,
				C8FC9DA129C5169200B9DC6E /* PosterTableViewCell.swift */,
			);
			path = CustomViews;
			sourceTree = "<group>";
		};
		C80DA5A529CB5007007F592C /* HeaderView */ = {
			isa = PBXGroup;
			children = (
				C8FC9D9629C3F34200B9DC6E /* HeaderHeroImageView.swift */,
			);
			path = HeaderView;
			sourceTree = "<group>";
		};
		C83D124029B785DD00238B82 = {
			isa = PBXGroup;
			children = (
				C83D124B29B785DD00238B82 /* iTrailers */,
				C83D124A29B785DD00238B82 /* Products */,
			);
			sourceTree = "<group>";
		};
		C83D124A29B785DD00238B82 /* Products */ = {
			isa = PBXGroup;
			children = (
				C83D124929B785DD00238B82 /* iTrailers.app */,
			);
			name = Products;
			sourceTree = "<group>";
		};
		C83D124B29B785DD00238B82 /* iTrailers */ = {
			isa = PBXGroup;
			children = (
				C8FC9D9B29C4C55700B9DC6E /* Resources */,
				C83D126529B7869500238B82 /* Managers */,
				C83D126429B7868600238B82 /* NetworkManager */,
				C83D126329B7867800238B82 /* Models */,
				C83D126229B7865600238B82 /* ViewModels */,
				C83D126129B7864E00238B82 /* Views */,
				C80DA5A529CB5007007F592C /* HeaderView */,
				C83D126029B7864500238B82 /* Controllers */,
				C83D124C29B785DD00238B82 /* AppDelegate.swift */,
				C83D124E29B785DD00238B82 /* SceneDelegate.swift */,
				C83D125529B785DF00238B82 /* Assets.xcassets */,
				C83D125729B785DF00238B82 /* LaunchScreen.storyboard */,
				C83D125A29B785DF00238B82 /* Info.plist */,
			);
			path = iTrailers;
			sourceTree = "<group>";
		};
		C83D126029B7864500238B82 /* Controllers */ = {
			isa = PBXGroup;
			children = (
				C83D126D29B78C0200238B82 /* Other */,
				C83D126C29B78BED00238B82 /* Core */,
			);
			path = Controllers;
			sourceTree = "<group>";
		};
		C83D126129B7864E00238B82 /* Views */ = {
			isa = PBXGroup;
			children = (
				C80DA5A329CB4FDE007F592C /* CollectionViews */,
				C80DA5A429CB4FF1007F592C /* CustomViews */,
			);
			path = Views;
			sourceTree = "<group>";
		};
		C83D126229B7865600238B82 /* ViewModels */ = {
			isa = PBXGroup;
			children = (
				C843CAA229CA057200ABA7C9 /* TrendingViewModel.swift */,
			);
			path = ViewModels;
			sourceTree = "<group>";
		};
		C83D126329B7867800238B82 /* Models */ = {
			isa = PBXGroup;
			children = (
				C843CA9A29C9F58D00ABA7C9 /* Movie.swift */,
				C843CAAB29CA1C8100ABA7C9 /* TrendingTv.swift */,
			);
			path = Models;
			sourceTree = "<group>";
		};
		C83D126429B7868600238B82 /* NetworkManager */ = {
			isa = PBXGroup;
			children = (
				C843CA9C29C9F79200ABA7C9 /* NetworkService.swift */,
				C843CA9E29C9F79F00ABA7C9 /* Route.swift */,
				C843CAA029C9FBAF00ABA7C9 /* APIError.swift */,
			);
			path = NetworkManager;
			sourceTree = "<group>";
		};
		C83D126529B7869500238B82 /* Managers */ = {
			isa = PBXGroup;
			children = (
				C843CAA929CA0DC800ABA7C9 /* TableSections.swift */,
			);
			path = Managers;
			sourceTree = "<group>";
		};
		C83D126C29B78BED00238B82 /* Core */ = {
			isa = PBXGroup;
			children = (
				C83D126629B7871B00238B82 /* TabBarViewController.swift */,
				C83D126829B78BDA00238B82 /* HomeViewController.swift */,
				C83D126A29B78BE900238B82 /* ShowsViewController.swift */,
				C83D126E29B78C1200238B82 /* SearchViewController.swift */,
				C83D127029B78C2000238B82 /* DownloadViewController.swift */,
			);
			path = Core;
			sourceTree = "<group>";
		};
		C83D126D29B78C0200238B82 /* Other */ = {
			isa = PBXGroup;
			children = (
				C8FC9DA329C5311F00B9DC6E /* SearchResultViewController.swift */,
				C80DA5A629CB7081007F592C /* DetailPreviewViewController.swift */,
			);
			path = Other;
			sourceTree = "<group>";
		};
		C8FC9D9B29C4C55700B9DC6E /* Resources */ = {
			isa = PBXGroup;
			children = (
				C8FC9D9C29C4C56500B9DC6E /* Extensions.swift */,
			);
			path = Resources;
			sourceTree = "<group>";
		};
/* End PBXGroup section */

/* Begin PBXNativeTarget section */
		C83D124829B785DD00238B82 /* iTrailers */ = {
			isa = PBXNativeTarget;
			buildConfigurationList = C83D125D29B785DF00238B82 /* Build configuration list for PBXNativeTarget "iTrailers" */;
			buildPhases = (
				C83D124529B785DD00238B82 /* Sources */,
				C83D124629B785DD00238B82 /* Frameworks */,
				C83D124729B785DD00238B82 /* Resources */,
			);
			buildRules = (
			);
			dependencies = (
			);
			name = iTrailers;
			packageProductDependencies = (
				C843CAA529CA08A000ABA7C9 /* SDWebImage */,
				C843CAA729CA08A000ABA7C9 /* SDWebImageMapKit */,
			);
			productName = iTrailers;
			productReference = C83D124929B785DD00238B82 /* iTrailers.app */;
			productType = "com.apple.product-type.application";
		};
/* End PBXNativeTarget section */

/* Begin PBXProject section */
		C83D124129B785DD00238B82 /* Project object */ = {
			isa = PBXProject;
			attributes = {
				BuildIndependentTargetsInParallel = 1;
				LastSwiftUpdateCheck = 1420;
				LastUpgradeCheck = 1420;
				TargetAttributes = {
					C83D124829B785DD00238B82 = {
						CreatedOnToolsVersion = 14.2;
					};
				};
			};
			buildConfigurationList = C83D124429B785DD00238B82 /* Build configuration list for PBXProject "iTrailers" */;
			compatibilityVersion = "Xcode 14.0";
			developmentRegion = en;
			hasScannedForEncodings = 0;
			knownRegions = (
				en,
				Base,
			);
			mainGroup = C83D124029B785DD00238B82;
			packageReferences = (
				C843CAA429CA08A000ABA7C9 /* XCRemoteSwiftPackageReference "SDWebImage" */,
			);
			productRefGroup = C83D124A29B785DD00238B82 /* Products */;
			projectDirPath = "";
			projectRoot = "";
			targets = (
				C83D124829B785DD00238B82 /* iTrailers */,
			);
		};
/* End PBXProject section */

/* Begin PBXResourcesBuildPhase section */
		C83D124729B785DD00238B82 /* Resources */ = {
			isa = PBXResourcesBuildPhase;
			buildActionMask = 2147483647;
			files = (
				C83D125929B785DF00238B82 /* LaunchScreen.storyboard in Resources */,
				C83D125629B785DF00238B82 /* Assets.xcassets in Resources */,
			);
			runOnlyForDeploymentPostprocessing = 0;
		};
/* End PBXResourcesBuildPhase section */

/* Begin PBXSourcesBuildPhase section */
		C83D124529B785DD00238B82 /* Sources */ = {
			isa = PBXSourcesBuildPhase;
			buildActionMask = 2147483647;
			files = (
				C80DA5A729CB7081007F592C /* DetailPreviewViewController.swift in Sources */,
				C8FC9DA229C5169200B9DC6E /* PosterTableViewCell.swift in Sources */,
				C8FC9D9F29C4DE9500B9DC6E /* PosterCollectionViewCell.swift in Sources */,
				C8FC9D9A29C4C2AD00B9DC6E /* MovieCollectionView.swift in Sources */,
				C843CAA129C9FBAF00ABA7C9 /* APIError.swift in Sources */,
				C83D126F29B78C1200238B82 /* SearchViewController.swift in Sources */,
				C843CA9B29C9F58D00ABA7C9 /* Movie.swift in Sources */,
				C843CA9F29C9F79F00ABA7C9 /* Route.swift in Sources */,
				C8FC9D9729C3F34200B9DC6E /* HeaderHeroImageView.swift in Sources */,
				C83D124D29B785DD00238B82 /* AppDelegate.swift in Sources */,
				C843CAAE29CA7BF300ABA7C9 /* ShowsCollectionView.swift in Sources */,
				C83D126729B7871B00238B82 /* TabBarViewController.swift in Sources */,
				C8FC9D9D29C4C56500B9DC6E /* Extensions.swift in Sources */,
				C8FC9DA429C5311F00B9DC6E /* SearchResultViewController.swift in Sources */,
				C843CAAC29CA1C8100ABA7C9 /* TrendingTv.swift in Sources */,
				C843CA9D29C9F79200ABA7C9 /* NetworkService.swift in Sources */,
				C843CAA329CA057200ABA7C9 /* TrendingViewModel.swift in Sources */,
				C843CAAA29CA0DC800ABA7C9 /* TableSections.swift in Sources */,
				C83D127129B78C2000238B82 /* DownloadViewController.swift in Sources */,
				C83D126B29B78BE900238B82 /* ShowsViewController.swift in Sources */,
				C83D124F29B785DD00238B82 /* SceneDelegate.swift in Sources */,
				C83D126929B78BDA00238B82 /* HomeViewController.swift in Sources */,
			);
			runOnlyForDeploymentPostprocessing = 0;
		};
/* End PBXSourcesBuildPhase section */

/* Begin PBXVariantGroup section */
		C83D125729B785DF00238B82 /* LaunchScreen.storyboard */ = {
			isa = PBXVariantGroup;
			children = (
				C83D125829B785DF00238B82 /* Base */,
			);
			name = LaunchScreen.storyboard;
			sourceTree = "<group>";
		};
/* End PBXVariantGroup section */

/* Begin XCBuildConfiguration section */
		C83D125B29B785DF00238B82 /* Debug */ = {
			isa = XCBuildConfiguration;
			buildSettings = {
				ALWAYS_SEARCH_USER_PATHS = NO;
				CLANG_ANALYZER_NONNULL = YES;
				CLANG_ANALYZER_NUMBER_OBJECT_CONVERSION = YES_AGGRESSIVE;
				CLANG_CXX_LANGUAGE_STANDARD = "gnu++20";
				CLANG_ENABLE_MODULES = YES;
				CLANG_ENABLE_OBJC_ARC = YES;
				CLANG_ENABLE_OBJC_WEAK = YES;
				CLANG_WARN_BLOCK_CAPTURE_AUTORELEASING = YES;
				CLANG_WARN_BOOL_CONVERSION = YES;
				CLANG_WARN_COMMA = YES;
				CLANG_WARN_CONSTANT_CONVERSION = YES;
				CLANG_WARN_DEPRECATED_OBJC_IMPLEMENTATIONS = YES;
				CLANG_WARN_DIRECT_OBJC_ISA_USAGE = YES_ERROR;
				CLANG_WARN_DOCUMENTATION_COMMENTS = YES;
				CLANG_WARN_EMPTY_BODY = YES;
				CLANG_WARN_ENUM_CONVERSION = YES;
				CLANG_WARN_INFINITE_RECURSION = YES;
				CLANG_WARN_INT_CONVERSION = YES;
				CLANG_WARN_NON_LITERAL_NULL_CONVERSION = YES;
				CLANG_WARN_OBJC_IMPLICIT_RETAIN_SELF = YES;
				CLANG_WARN_OBJC_LITERAL_CONVERSION = YES;
				CLANG_WARN_OBJC_ROOT_CLASS = YES_ERROR;
				CLANG_WARN_QUOTED_INCLUDE_IN_FRAMEWORK_HEADER = YES;
				CLANG_WARN_RANGE_LOOP_ANALYSIS = YES;
				CLANG_WARN_STRICT_PROTOTYPES = YES;
				CLANG_WARN_SUSPICIOUS_MOVE = YES;
				CLANG_WARN_UNGUARDED_AVAILABILITY = YES_AGGRESSIVE;
				CLANG_WARN_UNREACHABLE_CODE = YES;
				CLANG_WARN__DUPLICATE_METHOD_MATCH = YES;
				COPY_PHASE_STRIP = NO;
				DEBUG_INFORMATION_FORMAT = dwarf;
				ENABLE_STRICT_OBJC_MSGSEND = YES;
				ENABLE_TESTABILITY = YES;
				GCC_C_LANGUAGE_STANDARD = gnu11;
				GCC_DYNAMIC_NO_PIC = NO;
				GCC_NO_COMMON_BLOCKS = YES;
				GCC_OPTIMIZATION_LEVEL = 0;
				GCC_PREPROCESSOR_DEFINITIONS = (
					"DEBUG=1",
					"$(inherited)",
				);
				GCC_WARN_64_TO_32_BIT_CONVERSION = YES;
				GCC_WARN_ABOUT_RETURN_TYPE = YES_ERROR;
				GCC_WARN_UNDECLARED_SELECTOR = YES;
				GCC_WARN_UNINITIALIZED_AUTOS = YES_AGGRESSIVE;
				GCC_WARN_UNUSED_FUNCTION = YES;
				GCC_WARN_UNUSED_VARIABLE = YES;
				IPHONEOS_DEPLOYMENT_TARGET = 16.2;
				MTL_ENABLE_DEBUG_INFO = INCLUDE_SOURCE;
				MTL_FAST_MATH = YES;
				ONLY_ACTIVE_ARCH = YES;
				SDKROOT = iphoneos;
				SWIFT_ACTIVE_COMPILATION_CONDITIONS = DEBUG;
				SWIFT_OPTIMIZATION_LEVEL = "-Onone";
			};
			name = Debug;
		};
		C83D125C29B785DF00238B82 /* Release */ = {
			isa = XCBuildConfiguration;
			buildSettings = {
				ALWAYS_SEARCH_USER_PATHS = NO;
				CLANG_ANALYZER_NONNULL = YES;
				CLANG_ANALYZER_NUMBER_OBJECT_CONVERSION = YES_AGGRESSIVE;
				CLANG_CXX_LANGUAGE_STANDARD = "gnu++20";
				CLANG_ENABLE_MODULES = YES;
				CLANG_ENABLE_OBJC_ARC = YES;
				CLANG_ENABLE_OBJC_WEAK = YES;
				CLANG_WARN_BLOCK_CAPTURE_AUTORELEASING = YES;
				CLANG_WARN_BOOL_CONVERSION = YES;
				CLANG_WARN_COMMA = YES;
				CLANG_WARN_CONSTANT_CONVERSION = YES;
				CLANG_WARN_DEPRECATED_OBJC_IMPLEMENTATIONS = YES;
				CLANG_WARN_DIRECT_OBJC_ISA_USAGE = YES_ERROR;
				CLANG_WARN_DOCUMENTATION_COMMENTS = YES;
				CLANG_WARN_EMPTY_BODY = YES;
				CLANG_WARN_ENUM_CONVERSION = YES;
				CLANG_WARN_INFINITE_RECURSION = YES;
				CLANG_WARN_INT_CONVERSION = YES;
				CLANG_WARN_NON_LITERAL_NULL_CONVERSION = YES;
				CLANG_WARN_OBJC_IMPLICIT_RETAIN_SELF = YES;
				CLANG_WARN_OBJC_LITERAL_CONVERSION = YES;
				CLANG_WARN_OBJC_ROOT_CLASS = YES_ERROR;
				CLANG_WARN_QUOTED_INCLUDE_IN_FRAMEWORK_HEADER = YES;
				CLANG_WARN_RANGE_LOOP_ANALYSIS = YES;
				CLANG_WARN_STRICT_PROTOTYPES = YES;
				CLANG_WARN_SUSPICIOUS_MOVE = YES;
				CLANG_WARN_UNGUARDED_AVAILABILITY = YES_AGGRESSIVE;
				CLANG_WARN_UNREACHABLE_CODE = YES;
				CLANG_WARN__DUPLICATE_METHOD_MATCH = YES;
				COPY_PHASE_STRIP = NO;
				DEBUG_INFORMATION_FORMAT = "dwarf-with-dsym";
				ENABLE_NS_ASSERTIONS = NO;
				ENABLE_STRICT_OBJC_MSGSEND = YES;
				GCC_C_LANGUAGE_STANDARD = gnu11;
				GCC_NO_COMMON_BLOCKS = YES;
				GCC_WARN_64_TO_32_BIT_CONVERSION = YES;
				GCC_WARN_ABOUT_RETURN_TYPE = YES_ERROR;
				GCC_WARN_UNDECLARED_SELECTOR = YES;
				GCC_WARN_UNINITIALIZED_AUTOS = YES_AGGRESSIVE;
				GCC_WARN_UNUSED_FUNCTION = YES;
				GCC_WARN_UNUSED_VARIABLE = YES;
				IPHONEOS_DEPLOYMENT_TARGET = 16.2;
				MTL_ENABLE_DEBUG_INFO = NO;
				MTL_FAST_MATH = YES;
				SDKROOT = iphoneos;
				SWIFT_COMPILATION_MODE = wholemodule;
				SWIFT_OPTIMIZATION_LEVEL = "-O";
				VALIDATE_PRODUCT = YES;
			};
			name = Release;
		};
		C83D125E29B785DF00238B82 /* Debug */ = {
			isa = XCBuildConfiguration;
			buildSettings = {
				ASSETCATALOG_COMPILER_APPICON_NAME = AppIcon;
				ASSETCATALOG_COMPILER_GLOBAL_ACCENT_COLOR_NAME = AccentColor;
				CODE_SIGN_STYLE = Automatic;
				CURRENT_PROJECT_VERSION = 1;
				DEVELOPMENT_TEAM = LJ3GN38QT5;
				GENERATE_INFOPLIST_FILE = YES;
				INFOPLIST_FILE = iTrailers/Info.plist;
				INFOPLIST_KEY_UIApplicationSupportsIndirectInputEvents = YES;
				INFOPLIST_KEY_UILaunchStoryboardName = LaunchScreen;
				INFOPLIST_KEY_UISupportedInterfaceOrientations_iPad = "UIInterfaceOrientationPortrait UIInterfaceOrientationPortraitUpsideDown UIInterfaceOrientationLandscapeLeft UIInterfaceOrientationLandscapeRight";
				INFOPLIST_KEY_UISupportedInterfaceOrientations_iPhone = "UIInterfaceOrientationPortrait UIInterfaceOrientationLandscapeLeft UIInterfaceOrientationLandscapeRight";
				LD_RUNPATH_SEARCH_PATHS = (
					"$(inherited)",
					"@executable_path/Frameworks",
				);
				MARKETING_VERSION = 1.0;
				PRODUCT_BUNDLE_IDENTIFIER = com.wilsonmungai.iTrailers;
				PRODUCT_NAME = "$(TARGET_NAME)";
				SWIFT_EMIT_LOC_STRINGS = YES;
				SWIFT_VERSION = 5.0;
				TARGETED_DEVICE_FAMILY = "1,2";
			};
			name = Debug;
		};
		C83D125F29B785DF00238B82 /* Release */ = {
			isa = XCBuildConfiguration;
			buildSettings = {
				ASSETCATALOG_COMPILER_APPICON_NAME = AppIcon;
				ASSETCATALOG_COMPILER_GLOBAL_ACCENT_COLOR_NAME = AccentColor;
				CODE_SIGN_STYLE = Automatic;
				CURRENT_PROJECT_VERSION = 1;
				DEVELOPMENT_TEAM = LJ3GN38QT5;
				GENERATE_INFOPLIST_FILE = YES;
				INFOPLIST_FILE = iTrailers/Info.plist;
				INFOPLIST_KEY_UIApplicationSupportsIndirectInputEvents = YES;
				INFOPLIST_KEY_UILaunchStoryboardName = LaunchScreen;
				INFOPLIST_KEY_UISupportedInterfaceOrientations_iPad = "UIInterfaceOrientationPortrait UIInterfaceOrientationPortraitUpsideDown UIInterfaceOrientationLandscapeLeft UIInterfaceOrientationLandscapeRight";
				INFOPLIST_KEY_UISupportedInterfaceOrientations_iPhone = "UIInterfaceOrientationPortrait UIInterfaceOrientationLandscapeLeft UIInterfaceOrientationLandscapeRight";
				LD_RUNPATH_SEARCH_PATHS = (
					"$(inherited)",
					"@executable_path/Frameworks",
				);
				MARKETING_VERSION = 1.0;
				PRODUCT_BUNDLE_IDENTIFIER = com.wilsonmungai.iTrailers;
				PRODUCT_NAME = "$(TARGET_NAME)";
				SWIFT_EMIT_LOC_STRINGS = YES;
				SWIFT_VERSION = 5.0;
				TARGETED_DEVICE_FAMILY = "1,2";
			};
			name = Release;
		};
/* End XCBuildConfiguration section */

/* Begin XCConfigurationList section */
		C83D124429B785DD00238B82 /* Build configuration list for PBXProject "iTrailers" */ = {
			isa = XCConfigurationList;
			buildConfigurations = (
				C83D125B29B785DF00238B82 /* Debug */,
				C83D125C29B785DF00238B82 /* Release */,
			);
			defaultConfigurationIsVisible = 0;
			defaultConfigurationName = Release;
		};
		C83D125D29B785DF00238B82 /* Build configuration list for PBXNativeTarget "iTrailers" */ = {
			isa = XCConfigurationList;
			buildConfigurations = (
				C83D125E29B785DF00238B82 /* Debug */,
				C83D125F29B785DF00238B82 /* Release */,
			);
			defaultConfigurationIsVisible = 0;
			defaultConfigurationName = Release;
		};
/* End XCConfigurationList section */

/* Begin XCRemoteSwiftPackageReference section */
		C843CAA429CA08A000ABA7C9 /* XCRemoteSwiftPackageReference "SDWebImage" */ = {
			isa = XCRemoteSwiftPackageReference;
			repositoryURL = "https://github.com/SDWebImage/SDWebImage.git";
			requirement = {
				branch = master;
				kind = branch;
			};
		};
/* End XCRemoteSwiftPackageReference section */

/* Begin XCSwiftPackageProductDependency section */
		C843CAA529CA08A000ABA7C9 /* SDWebImage */ = {
			isa = XCSwiftPackageProductDependency;
			package = C843CAA429CA08A000ABA7C9 /* XCRemoteSwiftPackageReference "SDWebImage" */;
			productName = SDWebImage;
		};
		C843CAA729CA08A000ABA7C9 /* SDWebImageMapKit */ = {
			isa = XCSwiftPackageProductDependency;
			package = C843CAA429CA08A000ABA7C9 /* XCRemoteSwiftPackageReference "SDWebImage" */;
			productName = SDWebImageMapKit;
		};
/* End XCSwiftPackageProductDependency section */
	};
	rootObject = C83D124129B785DD00238B82 /* Project object */;
}
